PODS:
  - Alamofire (4.6.0)
  - ChameleonFramework/Default (2.1.0)
  - ChameleonFramework/Swift (2.1.0):
    - ChameleonFramework/Default
  - CRRefresh (1.0.6)
  - Firebase/Core (4.9.0):
    - FirebaseAnalytics (= 4.0.9)
    - FirebaseCore (= 4.0.15)
  - FirebaseAnalytics (4.0.9):
    - FirebaseCore (~> 4.0)
    - FirebaseInstanceID (~> 2.0)
    - GoogleToolboxForMac/NSData+zlib (~> 2.1)
    - nanopb (~> 0.3)
  - FirebaseCore (4.0.15):
    - GoogleToolboxForMac/NSData+zlib (~> 2.1)
  - FirebaseInstanceID (2.0.9):
    - FirebaseCore (~> 4.0)
  - Flurry-iOS-SDK/FlurryAds (8.4.0):
    - Flurry-iOS-SDK/FlurrySDK
  - Flurry-iOS-SDK/FlurrySDK (8.4.0)
  - FontAwesomeKit/Core (2.2.1)
  - FontAwesomeKit/FontAwesome (2.2.1):
    - FontAwesomeKit/Core
  - GoogleAnalytics (3.17.0)
  - GoogleToolboxForMac/Defines (2.1.3)
  - GoogleToolboxForMac/NSData+zlib (2.1.3):
    - GoogleToolboxForMac/Defines (= 2.1.3)
  - Kingfisher (4.6.2)
  - Moya (11.0.0):
    - Moya/Core (= 11.0.0)
  - Moya/Core (11.0.0):
    - Alamofire (~> 4.1)
    - Result (~> 3.0)
  - nanopb (0.3.8):
    - nanopb/decode (= 0.3.8)
    - nanopb/encode (= 0.3.8)
  - nanopb/decode (0.3.8)
  - nanopb/encode (0.3.8)
  - Result (3.2.4)
  - SkeletonView (1.1.1)
  - SwiftKeychainWrapper (3.0.1)
  - SwiftyBeaver (1.5.1)
  - SwiftyJSON (4.0.0)
  - TwitterCore (3.1.0)
  - TwitterKit (3.3.0):
    - TwitterCore (>= 3.1.0)
  - Validator (3.0.1)

DEPENDENCIES:
  - Alamofire (~> 4.5)
  - ChameleonFramework/Swift (from `https://github.com/ViccAlexander/Chameleon.git`, branch `wip/swift4`)
  - CRRefresh
  - Firebase/Core
  - Flurry-iOS-SDK/FlurryAds
  - Flurry-iOS-SDK/FlurrySDK
  - FontAwesomeKit/FontAwesome
  - GoogleAnalytics
  - Kingfisher (~> 4.0)
  - Moya (~> 11.0)
  - SkeletonView
  - SwiftKeychainWrapper
  - SwiftyBeaver
  - SwiftyJSON
  - TwitterKit
  - Validator

EXTERNAL SOURCES:
  ChameleonFramework:
    :branch: wip/swift4
    :git: https://github.com/ViccAlexander/Chameleon.git

CHECKOUT OPTIONS:
  ChameleonFramework:
    :commit: db432ca1b1a3d8f83ee1f881208c0c960a325e73
    :git: https://github.com/ViccAlexander/Chameleon.git

SPEC CHECKSUMS:
  Alamofire: f41a599bd63041760b26d393ec1069d9d7b917f4
  ChameleonFramework: d21a3cc247abfe5e37609a283a8238b03575cf64
  CRRefresh: fa89bab742592500ce9f76301c152544ec5264e8
  Firebase: 632216af3ed7f31e3be34776947fdc7546cfb572
  FirebaseAnalytics: 388b630c15713f5dbf364071f5f3d6077fb52f4e
  FirebaseCore: 3bd047463058fa6b5d312c97502c52e45401cdfb
  FirebaseInstanceID: d2058a35e9bebda1b6dd42486b84917bde552a9d
  Flurry-iOS-SDK: 0c4488af4e4289e2678f81755d3e9c204c0e8bba
  FontAwesomeKit: 3614979b3dbb0ec3f7fac1bd760b91f66c31db67
  GoogleAnalytics: f42cc53a87a51fe94334821868d9c8481ff47a7b
  GoogleToolboxForMac: 2501e2ad72a52eb3dfe7bd9aee7dad11b858bd20
  Kingfisher: 55b9c395bf8d3949676ad3861111923990ab68cf
  Moya: be29766339783963a70d1279d69c891ab3a1393c
  nanopb: 5601e6bca2dbf1ed831b519092ec110f66982ca3
  Result: d2d07204ce72856f1fd9130bbe42c35a7b0fea10
  SkeletonView: 041053e904504e7d8db83df166e599be75659fe1
  SwiftKeychainWrapper: 38952a3636320ae61bad3513cadd870929de7a4a
  SwiftyBeaver: 4f74563624b2c1e821c522c54142b5dd5ebb0f30
  SwiftyJSON: 070dabdcb1beb81b247c65ffa3a79dbbfb3b48aa
  TwitterCore: 644d59e75abccb26cf0a9050d2c4dea0e5412241
  TwitterKit: a2e60ddcedbf54091eac6f27685ca7a87681e1d7
  Validator: 309a430b6b5430a327d8c84a3246036badaa2dcb

PODFILE CHECKSUM: 44b535ac345e97169a5d2e3107c871331b10dcb1

COCOAPODS: 1.3.1
